
Microsoft Visual Studio Solution File, Format Version 12.00
# Visual Studio 2012
Project("{FAE04EC0-301F-11D3-BF4B-00C04F79EFBC}") = "RailwaySystem", "RailwaySystem\RailwaySystem.csproj", "{6A81679B-0402-4951-A055-49FBD1062AF4}"
EndProject
Global
	GlobalSection(SolutionConfigurationPlatforms) = preSolution
		Debug|Any CPU = Debug|Any CPU
		Release|Any CPU = Release|Any CPU
	EndGlobalSection
	GlobalSection(ProjectConfigurationPlatforms) = postSolution
		{6A81679B-0402-4951-A055-49FBD1062AF4}.Debug|Any CPU.ActiveCfg = Debug|Any CPU
		{6A81679B-0402-4951-A055-49FBD1062AF4}.Debug|Any CPU.Build.0 = Debug|Any CPU
		{6A81679B-0402-4951-A055-49FBD1062AF4}.Release|Any CPU.ActiveCfg = Release|Any CPU
		{6A81679B-0402-4951-A055-49FBD1062AF4}.Release|Any CPU.Build.0 = Release|Any CPU
	EndGlobalSection
	GlobalSection(SolutionProperties) = preSolution
		HideSolutionNode = FALSE
	EndGlobalSection
EndGlobal
